
Microsoft Visual Studio Solution File, Format Version 12.00
# Visual Studio Version 16
VisualStudioVersion = 16.0.31911.196
MinimumVisualStudioVersion = 10.0.40219.1
Project("{FAE04EC0-301F-11D3-BF4B-00C04F79EFBC}") = "TesteWebHooks", "TesteWebHooks\TesteWebHooks.csproj", "{44CCE756-2F82-4FB9-9459-102F6DD7AC5E}"
EndProject
Global
	GlobalSection(SolutionConfigurationPlatforms) = preSolution
		Debug|Any CPU = Debug|Any CPU
		Release|Any CPU = Release|Any CPU
	EndGlobalSection
	GlobalSection(ProjectConfigurationPlatforms) = postSolution
		{44CCE756-2F82-4FB9-9459-102F6DD7AC5E}.Debug|Any CPU.ActiveCfg = Debug|Any CPU
		{44CCE756-2F82-4FB9-9459-102F6DD7AC5E}.Debug|Any CPU.Build.0 = Debug|Any CPU
		{44CCE756-2F82-4FB9-9459-102F6DD7AC5E}.Release|Any CPU.ActiveCfg = Release|Any CPU
		{44CCE756-2F82-4FB9-9459-102F6DD7AC5E}.Release|Any CPU.Build.0 = Release|Any CPU
	EndGlobalSection
	GlobalSection(SolutionProperties) = preSolution
		HideSolutionNode = FALSE
	EndGlobalSection
	GlobalSection(ExtensibilityGlobals) = postSolution
		SolutionGuid = {F4EA93A8-DBE1-4C3A-8240-D20C122F7ADC}
	EndGlobalSection
EndGlobal
